
Microsoft Visual Studio Solution File, Format Version 12.00
# Visual Studio Version 17
VisualStudioVersion = 17.5.002.0
MinimumVisualStudioVersion = 10.0.40219.1
Project("{9A19103F-16F7-4668-BE54-9A1E7A4F7556}") = "projects", "projects.csproj", "{CBA0AA6E-B3BB-4FF9-9103-E55704524D99}"
EndProject
Global
	GlobalSection(SolutionConfigurationPlatforms) = preSolution
		Debug|Any CPU = Debug|Any CPU
		Release|Any CPU = Release|Any CPU
	EndGlobalSection
	GlobalSection(ProjectConfigurationPlatforms) = postSolution
		{CBA0AA6E-B3BB-4FF9-9103-E55704524D99}.Debug|Any CPU.ActiveCfg = Debug|Any CPU
		{CBA0AA6E-B3BB-4FF9-9103-E55704524D99}.Debug|Any CPU.Build.0 = Debug|Any CPU
		{CBA0AA6E-B3BB-4FF9-9103-E55704524D99}.Release|Any CPU.ActiveCfg = Release|Any CPU
		{CBA0AA6E-B3BB-4FF9-9103-E55704524D99}.Release|Any CPU.Build.0 = Release|Any CPU
	EndGlobalSection
	GlobalSection(SolutionProperties) = preSolution
		HideSolutionNode = FALSE
	EndGlobalSection
	GlobalSection(ExtensibilityGlobals) = postSolution
		SolutionGuid = {8F064FD0-7CD6-4900-824B-DD17F858ED54}
	EndGlobalSection
EndGlobal
